{
  "originHash" : "a3db8131535f7f0e318a83a3d77cd2a28cf7a03c8d4d0e521bedc7b2ed63e0d5",
  "pins" : [
    {
      "identity" : "opencv-spm",
      "kind" : "remoteSourceControl",
      "location" : "https://github.com/yeatse/opencv-spm.git",
      "state" : {
        "revision" : "151a5374946aa867ff3892e0d69fd85e1ecdaf2e",
        "version" : "4.13.0"
      }
    }
  ],
  "version" : 3
}
